
Microsoft Visual Studio Solution File, Format Version 12.00
# Visual Studio Version 17
VisualStudioVersion = 17.4.33020.496
MinimumVisualStudioVersion = 10.0.40219.1
Project("{2150E333-8FDC-42A3-9474-1A3956D46DE8}") = "Services", "Services", "{75D656EA-E0BC-473F-86A6-9E48A0EE160E}"
EndProject
Project("{2150E333-8FDC-42A3-9474-1A3956D46DE8}") = "Catalog", "Catalog", "{786EA653-C20F-4EEB-992D-5278830BC01A}"
EndProject
Project("{9A19103F-16F7-4668-BE54-9A1E7A4F7556}") = "Catal.APIs", "Services\Catalog\Catal.APIs\Catal.APIs.csproj", "{3353E988-2593-45E1-A9C9-EEAC1472E62D}"
EndProject
Project("{E53339B2-1760-4266-BCC7-CA923CBCF16C}") = "docker-compose", "docker-compose.dcproj", "{72363CDE-A672-4D59-B638-BA3A3FECA945}"
EndProject
Project("{2150E333-8FDC-42A3-9474-1A3956D46DE8}") = "Baskest", "Baskest", "{1F7A0FD7-3915-4F8D-ACCD-42B9C912EE0C}"
EndProject
Project("{9A19103F-16F7-4668-BE54-9A1E7A4F7556}") = "Baskest.API", "Services\Baskest\Baskest.API\Baskest.API.csproj", "{E4C33309-715B-49D5-9C7C-D6E6F448217C}"
EndProject
Project("{2150E333-8FDC-42A3-9474-1A3956D46DE8}") = "Discount", "Discount", "{2D3A55AC-F837-4FA0-BF65-3702EC0520D9}"
EndProject
Project("{9A19103F-16F7-4668-BE54-9A1E7A4F7556}") = "Discount.API", "Services\Discount\Discount.API\Discount.API.csproj", "{6C5EFC22-73CC-433F-8C7F-A9F9BC6BA70F}"
EndProject
Project("{9A19103F-16F7-4668-BE54-9A1E7A4F7556}") = "Discount.API.Grpc", "Services\Discount\Discount.API.Grpc\Discount.API.Grpc.csproj", "{C81039CB-019B-427E-ADF4-A8B29307D0CE}"
EndProject
Global
	GlobalSection(SolutionConfigurationPlatforms) = preSolution
		Debug|Any CPU = Debug|Any CPU
		Release|Any CPU = Release|Any CPU
	EndGlobalSection
	GlobalSection(ProjectConfigurationPlatforms) = postSolution
		{3353E988-2593-45E1-A9C9-EEAC1472E62D}.Debug|Any CPU.ActiveCfg = Debug|Any CPU
		{3353E988-2593-45E1-A9C9-EEAC1472E62D}.Debug|Any CPU.Build.0 = Debug|Any CPU
		{3353E988-2593-45E1-A9C9-EEAC1472E62D}.Release|Any CPU.ActiveCfg = Release|Any CPU
		{3353E988-2593-45E1-A9C9-EEAC1472E62D}.Release|Any CPU.Build.0 = Release|Any CPU
		{72363CDE-A672-4D59-B638-BA3A3FECA945}.Debug|Any CPU.ActiveCfg = Debug|Any CPU
		{72363CDE-A672-4D59-B638-BA3A3FECA945}.Debug|Any CPU.Build.0 = Debug|Any CPU
		{72363CDE-A672-4D59-B638-BA3A3FECA945}.Release|Any CPU.ActiveCfg = Release|Any CPU
		{72363CDE-A672-4D59-B638-BA3A3FECA945}.Release|Any CPU.Build.0 = Release|Any CPU
		{E4C33309-715B-49D5-9C7C-D6E6F448217C}.Debug|Any CPU.ActiveCfg = Debug|Any CPU
		{E4C33309-715B-49D5-9C7C-D6E6F448217C}.Debug|Any CPU.Build.0 = Debug|Any CPU
		{E4C33309-715B-49D5-9C7C-D6E6F448217C}.Release|Any CPU.ActiveCfg = Release|Any CPU
		{E4C33309-715B-49D5-9C7C-D6E6F448217C}.Release|Any CPU.Build.0 = Release|Any CPU
		{6C5EFC22-73CC-433F-8C7F-A9F9BC6BA70F}.Debug|Any CPU.ActiveCfg = Debug|Any CPU
		{6C5EFC22-73CC-433F-8C7F-A9F9BC6BA70F}.Debug|Any CPU.Build.0 = Debug|Any CPU
		{6C5EFC22-73CC-433F-8C7F-A9F9BC6BA70F}.Release|Any CPU.ActiveCfg = Release|Any CPU
		{6C5EFC22-73CC-433F-8C7F-A9F9BC6BA70F}.Release|Any CPU.Build.0 = Release|Any CPU
		{C81039CB-019B-427E-ADF4-A8B29307D0CE}.Debug|Any CPU.ActiveCfg = Debug|Any CPU
		{C81039CB-019B-427E-ADF4-A8B29307D0CE}.Debug|Any CPU.Build.0 = Debug|Any CPU
		{C81039CB-019B-427E-ADF4-A8B29307D0CE}.Release|Any CPU.ActiveCfg = Release|Any CPU
		{C81039CB-019B-427E-ADF4-A8B29307D0CE}.Release|Any CPU.Build.0 = Release|Any CPU
	EndGlobalSection
	GlobalSection(SolutionProperties) = preSolution
		HideSolutionNode = FALSE
	EndGlobalSection
	GlobalSection(NestedProjects) = preSolution
		{786EA653-C20F-4EEB-992D-5278830BC01A} = {75D656EA-E0BC-473F-86A6-9E48A0EE160E}
		{3353E988-2593-45E1-A9C9-EEAC1472E62D} = {786EA653-C20F-4EEB-992D-5278830BC01A}
		{1F7A0FD7-3915-4F8D-ACCD-42B9C912EE0C} = {75D656EA-E0BC-473F-86A6-9E48A0EE160E}
		{E4C33309-715B-49D5-9C7C-D6E6F448217C} = {1F7A0FD7-3915-4F8D-ACCD-42B9C912EE0C}
		{2D3A55AC-F837-4FA0-BF65-3702EC0520D9} = {75D656EA-E0BC-473F-86A6-9E48A0EE160E}
		{6C5EFC22-73CC-433F-8C7F-A9F9BC6BA70F} = {2D3A55AC-F837-4FA0-BF65-3702EC0520D9}
		{C81039CB-019B-427E-ADF4-A8B29307D0CE} = {2D3A55AC-F837-4FA0-BF65-3702EC0520D9}
	EndGlobalSection
	GlobalSection(ExtensibilityGlobals) = postSolution
		SolutionGuid = {61105556-9205-43B0-8A59-D720BE8D5BBA}
	EndGlobalSection
EndGlobal
